{
  "name": "web",
  "version": "0.1.1",
  "lockfileVersion": 3,
  "requires": true,
  "packages": {
    "": {
      "name": "web",
      "version": "0.1.1",
      "dependencies": {
        "@element-plus/icons-vue": "^2.3.1",
        "@tauri-apps/api": "^2",
        "crypto-js": "^4.2.0",
        "element-plus": "^2.9.7",
        "marked": "^18.0.5",
        "vue": "^3.5.13",
        "vue-i18n": "^10.0.5",
        "vue-router": "^4.5.0"
      },
      "devDependencies": {
        "@types/crypto-js": "^4.2.2",
        "@types/node": "^22.0.0",
        "@vitejs/plugin-vue": "^5.2.1",
        "@vitejs/plugin-vue-jsx": "^5.1.5",
        "typescript": "~5.7.2",
        "unplugin-auto-import": "^21.0.0",
        "unplugin-vue-components": "^32.1.0",
        "vite": "^6.3.5",
        "vue-tsc": "^2.2.8"
      }
    },
    "../../node_modules/.pnpm/@element-plus+icons-vue@2.3.2_vue@3.5.34_typescript@5.7.2_/node_modules/@element-plus/icons-vue": {
      "version": "2.3.2",
      "license": "MIT",
      "devDependencies": {
        "@element-plus/icons-svg": "2.3.2",
        "@pnpm/find-workspace-dir": "^1000.1.2",
        "@pnpm/find-workspace-packages": "^6.0.9",
        "@pnpm/logger": "^1001.0.0",
        "@types/fs-extra": "^11.0.4",
        "@types/node": "^24.2.0",
        "camelcase": "^8.0.0",
        "chalk": "^5.5.0",
        "consola": "^3.4.2",
        "esbuild": "^0.25.8",
        "esbuild-plugin-globals": "^0.2.0",
        "fast-glob": "^3.3.3",
        "fs-extra": "^11.3.0",
        "npm-run-all": "^4.1.5",
        "prettier": "^3.6.2",
        "tsx": "^4.20.3",
        "typescript": "^5.9.2",
        "unplugin-vue": "^7.0.1",
        "vue": "^3.5.18",
        "vue-tsc": "^3.0.5"
      },
      "peerDependencies": {
        "vue": "^3.2.0"
      }
    },
    "../../node_modules/.pnpm/@tauri-apps+api@2.11.0/node_modules/@tauri-apps/api": {
      "version": "2.11.0",
      "license": "Apache-2.0 OR MIT",
      "devDependencies": {
        "@eslint/js": "^10.0.1",
        "@rollup/plugin-terser": "1.0.0",
        "@rollup/plugin-typescript": "12.3.0",
        "@types/eslint": "^9.6.1",
        "@types/node": "^24.11.0",
        "eslint": "^10.0.2",
        "eslint-config-prettier": "10.1.8",
        "eslint-plugin-security": "4.0.0",
        "fast-glob": "3.3.3",
        "globals": "^17.4.0",
        "rollup": "4.60.2",
        "tslib": "^2.8.1",
        "typescript": "^6.0.0",
        "typescript-eslint": "^8.58.2"
      },
      "funding": {
        "type": "opencollective",
        "url": "https://opencollective.com/tauri"
      }
    },
    "../../node_modules/.pnpm/@types+node@22.19.19/node_modules/@types/node": {
      "version": "22.19.19",
      "dev": true,
      "license": "MIT",
      "dependencies": {
        "undici-types": "~6.21.0"
      }
    },
    "../../node_modules/.pnpm/@vitejs+plugin-vue-jsx@5.1._797c3f0e6cae6bee98221c55a535c8f0/node_modules/@vitejs/plugin-vue-jsx": {
      "version": "5.1.5",
      "dev": true,
      "license": "MIT",
      "dependencies": {
        "@babel/core": "^7.29.0",
        "@babel/plugin-syntax-typescript": "^7.28.6",
        "@babel/plugin-transform-typescript": "^7.28.6",
        "@rolldown/pluginutils": "^1.0.0-rc.2",
        "@vue/babel-plugin-jsx": "^2.0.1"
      },
      "devDependencies": {
        "tsdown": "^0.20.1",
        "vite": "^7.3.1"
      },
      "engines": {
        "node": "^20.19.0 || >=22.12.0"
      },
      "peerDependencies": {
        "vite": "^5.0.0 || ^6.0.0 || ^7.0.0 || ^8.0.0",
        "vue": "^3.0.0"
      }
    },
    "../../node_modules/.pnpm/@vitejs+plugin-vue@5.2.1_vi_f1bd08c48d6e8e7776ec37bb7df85111/node_modules/@vitejs/plugin-vue": {
      "version": "5.2.1",
      "dev": true,
      "license": "MIT",
      "devDependencies": {
        "@jridgewell/gen-mapping": "^0.3.5",
        "@jridgewell/trace-mapping": "^0.3.25",
        "debug": "^4.3.7",
        "rollup": "^4.27.2",
        "slash": "^5.1.0",
        "source-map-js": "^1.2.1",
        "vite": "^6.0.0",
        "vue": "^3.5.12"
      },
      "engines": {
        "node": "^18.0.0 || >=20.0.0"
      },
      "peerDependencies": {
        "vite": "^5.0.0 || ^6.0.0",
        "vue": "^3.2.25"
      }
    },
    "../../node_modules/.pnpm/element-plus@2.14.0_vue@3.5.34_typescript@5.7.2_/node_modules/element-plus": {
      "version": "2.14.0",
      "license": "MIT",
      "dependencies": {
        "@ctrl/tinycolor": "^4.2.0",
        "@element-plus/icons-vue": "^2.3.2",
        "@floating-ui/dom": "^1.0.1",
        "@popperjs/core": "npm:@sxzz/popperjs-es@^2.11.8",
        "@types/lodash": "^4.17.24",
        "@types/lodash-es": "^4.17.12",
        "@vueuse/core": "14.3.0",
        "async-validator": "^4.2.5",
        "dayjs": "^1.11.20",
        "lodash": "^4.18.1",
        "lodash-es": "^4.18.1",
        "lodash-unified": "^1.0.3",
        "memoize-one": "^6.0.0",
        "normalize-wheel-es": "^1.2.0",
        "vue-component-type-helpers": "^3.2.8"
      },
      "devDependencies": {
        "@types/node": "*",
        "vue-router": "^5.0.6"
      },
      "peerDependencies": {
        "vue": "^3.3.7"
      }
    },
    "../../node_modules/.pnpm/typescript@5.7.2/node_modules/typescript": {
      "version": "5.7.2",
      "dev": true,
      "license": "Apache-2.0",
      "bin": {
        "tsc": "bin/tsc",
        "tsserver": "bin/tsserver"
      },
      "devDependencies": {
        "@dprint/formatter": "^0.4.1",
        "@dprint/typescript": "0.93.0",
        "@esfx/canceltoken": "^1.0.0",
        "@eslint/js": "^9.11.1",
        "@octokit/rest": "^21.0.2",
        "@types/chai": "^4.3.20",
        "@types/diff": "^5.2.2",
        "@types/minimist": "^1.2.5",
        "@types/mocha": "^10.0.8",
        "@types/ms": "^0.7.34",
        "@types/node": "latest",
        "@types/source-map-support": "^0.5.10",
        "@types/which": "^3.0.4",
        "@typescript-eslint/rule-tester": "^8.8.0",
        "@typescript-eslint/type-utils": "^8.8.0",
        "@typescript-eslint/utils": "^8.8.0",
        "azure-devops-node-api": "^14.1.0",
        "c8": "^10.1.2",
        "chai": "^4.5.0",
        "chalk": "^4.1.2",
        "chokidar": "^3.6.0",
        "diff": "^5.2.0",
        "dprint": "^0.47.2",
        "esbuild": "^0.24.0",
        "eslint": "^9.11.1",
        "eslint-formatter-autolinkable-stylish": "^1.4.0",
        "eslint-plugin-regexp": "^2.6.0",
        "fast-xml-parser": "^4.5.0",
        "glob": "^10.4.5",
        "globals": "^15.9.0",
        "hereby": "^1.10.0",
        "jsonc-parser": "^3.3.1",
        "knip": "^5.30.6",
        "minimist": "^1.2.8",
        "mocha": "^10.7.3",
        "mocha-fivemat-progress-reporter": "^0.1.0",
        "monocart-coverage-reports": "^2.11.0",
        "ms": "^2.1.3",
        "playwright": "^1.47.2",
        "source-map-support": "^0.5.21",
        "tslib": "^2.7.0",
        "typescript": "^5.6.2",
        "typescript-eslint": "^8.8.0",
        "which": "^3.0.1"
      },
      "engines": {
        "node": ">=14.17"
      }
    },
    "../../node_modules/.pnpm/unplugin-auto-import@21.0.0_e169b6f127590d382582cbb1fa744787/node_modules/unplugin-auto-import": {
      "version": "21.0.0",
      "dev": true,
      "license": "MIT",
      "dependencies": {
        "local-pkg": "^1.1.2",
        "magic-string": "^0.30.21",
        "picomatch": "^4.0.3",
        "unimport": "^5.6.0",
        "unplugin": "^2.3.11",
        "unplugin-utils": "^0.3.1"
      },
      "devDependencies": {
        "@antfu/eslint-config": "^7.0.0",
        "@antfu/ni": "^28.2.0",
        "@antfu/utils": "^9.3.0",
        "@nuxt/kit": "^4.2.2",
        "@nuxt/schema": "^4.2.2",
        "@svgr/plugin-jsx": "^8.1.0",
        "@types/node": "^25.0.8",
        "@types/picomatch": "^4.0.2",
        "@typescript/native-preview": "7.0.0-dev.20260114.1",
        "@vueuse/metadata": "^14.1.0",
        "bumpp": "^10.4.0",
        "eslint": "^9.39.2",
        "publint": "^0.3.16",
        "rolldown": "^1.0.0-beta.60",
        "rollup": "^4.55.1",
        "tinyglobby": "^0.2.15",
        "tsdown": "^0.20.0-beta.3",
        "tsx": "^4.21.0",
        "typescript": "~5.9.3",
        "unplugin-vue-components": "^31.0.0",
        "vite": "^7.3.1",
        "vitest": "^4.0.17",
        "webpack": "^5.104.1"
      },
      "engines": {
        "node": ">=20.19.0"
      },
      "funding": {
        "url": "https://github.com/sponsors/antfu"
      },
      "peerDependencies": {
        "@nuxt/kit": "^4.0.0",
        "@vueuse/core": "*"
      },
      "peerDependenciesMeta": {
        "@nuxt/kit": {
          "optional": true
        },
        "@vueuse/core": {
          "optional": true
        }
      }
    },
    "../../node_modules/.pnpm/unplugin-vue-components@32.1.0_vue@3.5.34_typescript@5.7.2_/node_modules/unplugin-vue-components": {
      "version": "32.1.0",
      "dev": true,
      "license": "MIT",
      "dependencies": {
        "chokidar": "^5.0.0",
        "local-pkg": "^1.2.0",
        "magic-string": "^0.30.21",
        "mlly": "^1.8.2",
        "obug": "^2.1.1",
        "picomatch": "^4.0.4",
        "tinyglobby": "^0.2.16",
        "unplugin": "^3.0.0",
        "unplugin-utils": "^0.3.1"
      },
      "devDependencies": {
        "@antfu/eslint-config": "^9.0.0",
        "@antfu/utils": "^9.3.0",
        "@nuxt/kit": "^4.4.6",
        "@nuxt/schema": "^4.4.6",
        "@types/node": "^25.9.1",
        "@types/picomatch": "^4.0.3",
        "@typescript/native-preview": "7.0.0-dev.20260114.1",
        "bumpp": "^11.1.0",
        "compare-versions": "^6.1.1",
        "element-plus": "^2.14.0",
        "eslint": "^10.4.0",
        "eslint-plugin-format": "^2.0.1",
        "pathe": "^2.0.3",
        "rolldown": "^1.0.1",
        "rollup": "^4.60.4",
        "tsdown": "^0.22.0",
        "typescript": "^6.0.3",
        "vite": "^8.0.13",
        "vitest": "^4.1.6",
        "vue": "3.2.45",
        "vue-tsc": "^3.3.1",
        "webpack": "^5.106.2"
      },
      "engines": {
        "node": ">=20.19.0"
      },
      "funding": {
        "url": "https://github.com/sponsors/antfu"
      },
      "peerDependencies": {
        "@nuxt/kit": "^3.2.2 || ^4.0.0",
        "vue": "^3.0.0"
      },
      "peerDependenciesMeta": {
        "@nuxt/kit": {
          "optional": true
        }
      }
    },
    "../../node_modules/.pnpm/vite@6.4.2_@types+node@22.19.19/node_modules/vite": {
      "version": "6.4.2",
      "dev": true,
      "license": "MIT",
      "dependencies": {
        "esbuild": "^0.25.0",
        "fdir": "^6.4.4",
        "picomatch": "^4.0.2",
        "postcss": "^8.5.3",
        "rollup": "^4.34.9",
        "tinyglobby": "^0.2.13"
      },
      "bin": {
        "vite": "bin/vite.js"
      },
      "devDependencies": {
        "@ampproject/remapping": "^2.3.0",
        "@babel/parser": "^7.27.0",
        "@jridgewell/trace-mapping": "^0.3.25",
        "@polka/compression": "^1.0.0-next.25",
        "@rollup/plugin-alias": "^5.1.1",
        "@rollup/plugin-commonjs": "^28.0.3",
        "@rollup/plugin-dynamic-import-vars": "2.1.4",
        "@rollup/plugin-json": "^6.1.0",
        "@rollup/plugin-node-resolve": "16.0.1",
        "@rollup/pluginutils": "^5.1.4",
        "@types/escape-html": "^1.0.4",
        "@types/pnpapi": "^0.0.5",
        "artichokie": "^0.3.1",
        "cac": "^6.7.14",
        "chokidar": "^3.6.0",
        "connect": "^3.7.0",
        "convert-source-map": "^2.0.0",
        "cors": "^2.8.5",
        "cross-spawn": "^7.0.6",
        "debug": "^4.4.0",
        "dep-types": "link:./src/types",
        "dotenv": "^16.5.0",
        "dotenv-expand": "^12.0.2",
        "es-module-lexer": "^1.6.0",
        "escape-html": "^1.0.3",
        "estree-walker": "^3.0.3",
        "etag": "^1.8.1",
        "http-proxy": "^1.18.1",
        "launch-editor-middleware": "^2.10.0",
        "lightningcss": "^1.29.3",
        "magic-string": "^0.30.17",
        "mlly": "^1.7.4",
        "mrmime": "^2.0.1",
        "nanoid": "^5.1.5",
        "open": "^10.1.1",
        "parse5": "^7.2.1",
        "pathe": "^2.0.3",
        "periscopic": "^4.0.2",
        "picocolors": "^1.1.1",
        "postcss-import": "^16.1.0",
        "postcss-load-config": "^6.0.1",
        "postcss-modules": "^6.0.1",
        "resolve.exports": "^2.0.3",
        "rollup-plugin-dts": "^6.2.1",
        "rollup-plugin-esbuild": "^6.2.1",
        "rollup-plugin-license": "^3.6.0",
        "sass": "^1.86.3",
        "sass-embedded": "^1.86.3",
        "sirv": "^3.0.2",
        "source-map-support": "^0.5.21",
        "strip-literal": "^3.0.0",
        "terser": "^5.39.0",
        "tsconfck": "^3.1.5",
        "tslib": "^2.8.1",
        "types": "link:./types",
        "ufo": "^1.6.1",
        "ws": "^8.18.1"
      },
      "engines": {
        "node": "^18.0.0 || ^20.0.0 || >=22.0.0"
      },
      "funding": {
        "url": "https://github.com/vitejs/vite?sponsor=1"
      },
      "optionalDependencies": {
        "fsevents": "~2.3.3"
      },
      "peerDependencies": {
        "@types/node": "^18.0.0 || ^20.0.0 || >=22.0.0",
        "jiti": ">=1.21.0",
        "less": "*",
        "lightningcss": "^1.21.0",
        "sass": "*",
        "sass-embedded": "*",
        "stylus": "*",
        "sugarss": "*",
        "terser": "^5.16.0",
        "tsx": "^4.8.1",
        "yaml": "^2.4.2"
      },
      "peerDependenciesMeta": {
        "@types/node": {
          "optional": true
        },
        "jiti": {
          "optional": true
        },
        "less": {
          "optional": true
        },
        "lightningcss": {
          "optional": true
        },
        "sass": {
          "optional": true
        },
        "sass-embedded": {
          "optional": true
        },
        "stylus": {
          "optional": true
        },
        "sugarss": {
          "optional": true
        },
        "terser": {
          "optional": true
        },
        "tsx": {
          "optional": true
        },
        "yaml": {
          "optional": true
        }
      }
    },
    "../../node_modules/.pnpm/vue-tsc@2.2.8_typescript@5.7.2/node_modules/vue-tsc": {
      "version": "2.2.8",
      "dev": true,
      "license": "MIT",
      "dependencies": {
        "@volar/typescript": "~2.4.11",
        "@vue/language-core": "2.2.8"
      },
      "bin": {
        "vue-tsc": "bin/vue-tsc.js"
      },
      "devDependencies": {
        "@types/node": "^22.10.4"
      },
      "peerDependencies": {
        "typescript": ">=5.0.0"
      }
    },
    "../../node_modules/.pnpm/vue@3.5.34_typescript@5.7.2/node_modules/vue": {
      "version": "3.5.34",
      "license": "MIT",
      "dependencies": {
        "@vue/compiler-dom": "3.5.34",
        "@vue/compiler-sfc": "3.5.34",
        "@vue/runtime-dom": "3.5.34",
        "@vue/server-renderer": "3.5.34",
        "@vue/shared": "3.5.34"
      },
      "peerDependencies": {
        "typescript": "*"
      },
      "peerDependenciesMeta": {
        "typescript": {
          "optional": true
        }
      }
    },
    "node_modules/@element-plus/icons-vue": {
      "resolved": "../../node_modules/.pnpm/@element-plus+icons-vue@2.3.2_vue@3.5.34_typescript@5.7.2_/node_modules/@element-plus/icons-vue",
      "link": true
    },
    "node_modules/@intlify/core-base": {
      "version": "10.0.7",
      "resolved": "https://registry.npmmirror.com/@intlify/core-base/-/core-base-10.0.7.tgz",
      "integrity": "sha512-mE71aUH5baH0me8duB4FY5qevUJizypHsYw3eCvmOx07QvmKppgOONx3dYINxuA89Z2qkAGb/K6Nrpi7aAMwew==",
      "license": "MIT",
      "dependencies": {
        "@intlify/message-compiler": "10.0.7",
        "@intlify/shared": "10.0.7"
      },
      "engines": {
        "node": ">= 16"
      },
      "funding": {
        "url": "https://github.com/sponsors/kazupon"
      }
    },
    "node_modules/@intlify/message-compiler": {
      "version": "10.0.7",
      "resolved": "https://registry.npmmirror.com/@intlify/message-compiler/-/message-compiler-10.0.7.tgz",
      "integrity": "sha512-nrC4cDL/UHZSUqd8sRbVz+DPukzZ8NnG5OK+EB/nlxsH35deyzyVkXP/QuR8mFZrISJ+4hCd6VtCQCcT+RO+5g==",
      "license": "MIT",
      "dependencies": {
        "@intlify/shared": "10.0.7",
        "source-map-js": "^1.0.2"
      },
      "engines": {
        "node": ">= 16"
      },
      "funding": {
        "url": "https://github.com/sponsors/kazupon"
      }
    },
    "node_modules/@intlify/shared": {
      "version": "10.0.7",
      "resolved": "https://registry.npmmirror.com/@intlify/shared/-/shared-10.0.7.tgz",
      "integrity": "sha512-oeoq0L5+5P4ShXa6jBQcx+BT+USe3MjX0xJexZO1y7rfDJdwZ9+QP3jO4tcS1nxhBYYdjvFTqe4bmnLijV0GxQ==",
      "license": "MIT",
      "engines": {
        "node": ">= 16"
      },
      "funding": {
        "url": "https://github.com/sponsors/kazupon"
      }
    },
    "node_modules/@tauri-apps/api": {
      "resolved": "../../node_modules/.pnpm/@tauri-apps+api@2.11.0/node_modules/@tauri-apps/api",
      "link": true
    },
    "node_modules/@types/crypto-js": {
      "version": "4.2.2",
      "resolved": "https://registry.npmmirror.com/@types/crypto-js/-/crypto-js-4.2.2.tgz",
      "integrity": "sha512-sDOLlVbHhXpAUAL0YHDUUwDZf3iN4Bwi4W6a0W0b+QcAezUbRtH4FVb+9J4h+XFPW7l/gQ9F8qC7P+Ec4k8QVQ==",
      "dev": true,
      "license": "MIT"
    },
    "node_modules/@types/node": {
      "resolved": "../../node_modules/.pnpm/@types+node@22.19.19/node_modules/@types/node",
      "link": true
    },
    "node_modules/@vitejs/plugin-vue": {
      "resolved": "../../node_modules/.pnpm/@vitejs+plugin-vue@5.2.1_vi_f1bd08c48d6e8e7776ec37bb7df85111/node_modules/@vitejs/plugin-vue",
      "link": true
    },
    "node_modules/@vitejs/plugin-vue-jsx": {
      "resolved": "../../node_modules/.pnpm/@vitejs+plugin-vue-jsx@5.1._797c3f0e6cae6bee98221c55a535c8f0/node_modules/@vitejs/plugin-vue-jsx",
      "link": true
    },
    "node_modules/@vue/devtools-api": {
      "version": "6.6.4",
      "resolved": "https://registry.npmmirror.com/@vue/devtools-api/-/devtools-api-6.6.4.tgz",
      "integrity": "sha512-sGhTPMuXqZ1rVOk32RylztWkfXTRhuS7vgAKv0zjqk8gbsHkJ7xfFf+jbySxt7tWObEJwyKaHMikV/WGDiQm8g==",
      "license": "MIT"
    },
    "node_modules/crypto-js": {
      "version": "4.2.0",
      "resolved": "https://registry.npmmirror.com/crypto-js/-/crypto-js-4.2.0.tgz",
      "integrity": "sha512-KALDyEYgpY+Rlob/iriUtjV6d5Eq+Y191A5g4UqLAi8CyGP9N1+FdVbkc1SxKc2r4YAYqG8JzO2KGL+AizD70Q==",
      "deprecated": "Active development of CryptoJS has been discontinued. This library is no longer maintained.",
      "license": "MIT"
    },
    "node_modules/element-plus": {
      "resolved": "../../node_modules/.pnpm/element-plus@2.14.0_vue@3.5.34_typescript@5.7.2_/node_modules/element-plus",
      "link": true
    },
    "node_modules/marked": {
      "version": "18.0.5",
      "resolved": "https://registry.npmjs.org/marked/-/marked-18.0.5.tgz",
      "integrity": "sha512-S6GcvALHg6K4ohtu4E7x0a1AqhAjp6cV8KhLSyN9qVapnzJkusVBxZRcIU9AeYsbe6P1hKDusSbEOzGyyuce6w==",
      "license": "MIT",
      "bin": {
        "marked": "bin/marked.js"
      },
      "engines": {
        "node": ">= 20"
      }
    },
    "node_modules/source-map-js": {
      "version": "1.2.1",
      "resolved": "https://registry.npmmirror.com/source-map-js/-/source-map-js-1.2.1.tgz",
      "integrity": "sha512-UXWMKhLOwVKb728IUtQPXxfYU+usdybtUrK/8uGE8CQMvrhOpwvzDBwj0QhSL7MQc7vIsISBG8VQ8+IDQxpfQA==",
      "license": "BSD-3-Clause",
      "engines": {
        "node": ">=0.10.0"
      }
    },
    "node_modules/typescript": {
      "resolved": "../../node_modules/.pnpm/typescript@5.7.2/node_modules/typescript",
      "link": true
    },
    "node_modules/unplugin-auto-import": {
      "resolved": "../../node_modules/.pnpm/unplugin-auto-import@21.0.0_e169b6f127590d382582cbb1fa744787/node_modules/unplugin-auto-import",
      "link": true
    },
    "node_modules/unplugin-vue-components": {
      "resolved": "../../node_modules/.pnpm/unplugin-vue-components@32.1.0_vue@3.5.34_typescript@5.7.2_/node_modules/unplugin-vue-components",
      "link": true
    },
    "node_modules/vite": {
      "resolved": "../../node_modules/.pnpm/vite@6.4.2_@types+node@22.19.19/node_modules/vite",
      "link": true
    },
    "node_modules/vue": {
      "resolved": "../../node_modules/.pnpm/vue@3.5.34_typescript@5.7.2/node_modules/vue",
      "link": true
    },
    "node_modules/vue-i18n": {
      "version": "10.0.7",
      "resolved": "https://registry.npmmirror.com/vue-i18n/-/vue-i18n-10.0.7.tgz",
      "integrity": "sha512-bKsk0PYwP9gdYF4nqSAT0kDpnLu1gZzlxFl885VH4mHVhEnqP16+/mAU05r1U6NIrc0fGDWP89tZ8GzeJZpe+w==",
      "license": "MIT",
      "dependencies": {
        "@intlify/core-base": "10.0.7",
        "@intlify/shared": "10.0.7",
        "@vue/devtools-api": "^6.5.0"
      },
      "engines": {
        "node": ">= 16"
      },
      "funding": {
        "url": "https://github.com/sponsors/kazupon"
      },
      "peerDependencies": {
        "vue": "^3.0.0"
      }
    },
    "node_modules/vue-router": {
      "version": "4.5.0",
      "resolved": "https://registry.npmmirror.com/vue-router/-/vue-router-4.5.0.tgz",
      "integrity": "sha512-HDuk+PuH5monfNuY+ct49mNmkCRK4xJAV9Ts4z9UFc4rzdDnxQLyCMGGc8pKhZhHTVzfanpNwB/lwqevcBwI4w==",
      "license": "MIT",
      "dependencies": {
        "@vue/devtools-api": "^6.6.4"
      },
      "funding": {
        "url": "https://github.com/sponsors/posva"
      },
      "peerDependencies": {
        "vue": "^3.2.0"
      }
    },
    "node_modules/vue-tsc": {
      "resolved": "../../node_modules/.pnpm/vue-tsc@2.2.8_typescript@5.7.2/node_modules/vue-tsc",
      "link": true
    }
  }
}
